
Microsoft Visual Studio Solution File, Format Version 12.00
# Visual Studio Version 17
VisualStudioVersion = 17.8.34330.188
MinimumVisualStudioVersion = 10.0.40219.1
Project("{9A19103F-16F7-4668-BE54-9A1E7A4F7556}") = "OrderManagement", "OrderManagement.csproj", "{7F5574AD-A158-40A9-89C0-24B019D12DD2}"
EndProject
Project("{9A19103F-16F7-4668-BE54-9A1E7A4F7556}") = "InventoryService", "..\InventoryService\InventoryService.csproj", "{DAAA9C25-C210-4861-B7E4-A4156CD0EA8B}"
EndProject
Project("{2150E333-8FDC-42A3-9474-1A3956D46DE8}") = "Database", "Database", "{867F66C3-CAB8-430F-B3F2-4E0574CC228F}"
	ProjectSection(SolutionItems) = preProject
		..\..\InventoryDb.sql = ..\..\InventoryDb.sql
		..\..\OrderManagementDb.sql = ..\..\OrderManagementDb.sql
	EndProjectSection
EndProject
Global
	GlobalSection(SolutionConfigurationPlatforms) = preSolution
		Debug|Any CPU = Debug|Any CPU
		Release|Any CPU = Release|Any CPU
	EndGlobalSection
	GlobalSection(ProjectConfigurationPlatforms) = postSolution
		{7F5574AD-A158-40A9-89C0-24B019D12DD2}.Debug|Any CPU.ActiveCfg = Debug|Any CPU
		{7F5574AD-A158-40A9-89C0-24B019D12DD2}.Debug|Any CPU.Build.0 = Debug|Any CPU
		{7F5574AD-A158-40A9-89C0-24B019D12DD2}.Release|Any CPU.ActiveCfg = Release|Any CPU
		{7F5574AD-A158-40A9-89C0-24B019D12DD2}.Release|Any CPU.Build.0 = Release|Any CPU
		{DAAA9C25-C210-4861-B7E4-A4156CD0EA8B}.Debug|Any CPU.ActiveCfg = Debug|Any CPU
		{DAAA9C25-C210-4861-B7E4-A4156CD0EA8B}.Debug|Any CPU.Build.0 = Debug|Any CPU
		{DAAA9C25-C210-4861-B7E4-A4156CD0EA8B}.Release|Any CPU.ActiveCfg = Release|Any CPU
		{DAAA9C25-C210-4861-B7E4-A4156CD0EA8B}.Release|Any CPU.Build.0 = Release|Any CPU
	EndGlobalSection
	GlobalSection(SolutionProperties) = preSolution
		HideSolutionNode = FALSE
	EndGlobalSection
	GlobalSection(ExtensibilityGlobals) = postSolution
		SolutionGuid = {0C3874AB-BBE2-4C46-957C-7D5A754DFB07}
	EndGlobalSection
EndGlobal
