
Microsoft Visual Studio Solution File, Format Version 12.00
# Visual Studio Version 17
VisualStudioVersion = 17.8.34330.188
MinimumVisualStudioVersion = 10.0.40219.1
Project("{FAE04EC0-301F-11D3-BF4B-00C04F79EFBC}") = "WebApplication1", "WebApplication1.csproj", "{1914B34E-61BC-4077-A699-CB0F0551D7B6}"
EndProject
Global
	GlobalSection(SolutionConfigurationPlatforms) = preSolution
		Debug|Any CPU = Debug|Any CPU
		Release|Any CPU = Release|Any CPU
	EndGlobalSection
	GlobalSection(ProjectConfigurationPlatforms) = postSolution
		{1914B34E-61BC-4077-A699-CB0F0551D7B6}.Debug|Any CPU.ActiveCfg = Debug|Any CPU
		{1914B34E-61BC-4077-A699-CB0F0551D7B6}.Debug|Any CPU.Build.0 = Debug|Any CPU
		{1914B34E-61BC-4077-A699-CB0F0551D7B6}.Release|Any CPU.ActiveCfg = Release|Any CPU
		{1914B34E-61BC-4077-A699-CB0F0551D7B6}.Release|Any CPU.Build.0 = Release|Any CPU
	EndGlobalSection
	GlobalSection(SolutionProperties) = preSolution
		HideSolutionNode = FALSE
	EndGlobalSection
	GlobalSection(ExtensibilityGlobals) = postSolution
		SolutionGuid = {75A56D41-C5B7-46BB-BF19-B78D622DB157}
	EndGlobalSection
EndGlobal
